// !$*UTF8*$!
{
	archiveVersion = 1;
	classes = {
	};
	objectVersion = 46;
	objects = {

/* Begin PBXBuildFile section */
		4919B6F719992B1C00C50754 /* BTBLoginViewController.m in Sources */ = {isa = PBXBuildFile; fileRef = 4919B6F619992B1C00C50754 /* BTBLoginViewController.m */; };
		491D885A19A016F0003D08A8 /* Main.storyboard in Resources */ = {isa = PBXBuildFile; fileRef = 491D885C19A016F0003D08A8 /* Main.storyboard */; };
		4960712119A0F66F00C2E73C /* Security.framework in Frameworks */ = {isa = PBXBuildFile; fileRef = 4960712019A0F66F00C2E73C /* Security.framework */; };
		4960712419A0F7FF00C2E73C /* KeychainItemWrapper.m in Sources */ = {isa = PBXBuildFile; fileRef = 4960712319A0F7FF00C2E73C /* KeychainItemWrapper.m */; };
		49675A2B19A0C64A00FF71A0 /* BTBCourse.m in Sources */ = {isa = PBXBuildFile; fileRef = 49675A2A19A0C64A00FF71A0 /* BTBCourse.m */; };
		4976322119B4A7AE003CDDDB /* Localizable.strings in Resources */ = {isa = PBXBuildFile; fileRef = 4976322319B4A7AE003CDDDB /* Localizable.strings */; };
		4981AD9819A12707007DD6C9 /* SystemConfiguration.framework in Frameworks */ = {isa = PBXBuildFile; fileRef = 4981AD9719A12707007DD6C9 /* SystemConfiguration.framework */; };
		4981AD9B19A12741007DD6C9 /* Reachability.m in Sources */ = {isa = PBXBuildFile; fileRef = 4981AD9A19A12741007DD6C9 /* Reachability.m */; };
		A712523D1998ADC4002D7444 /* BTBUser.m in Sources */ = {isa = PBXBuildFile; fileRef = A712523C1998ADC4002D7444 /* BTBUser.m */; };
		A76C053719980CED00C3663C /* Settings.bundle in Resources */ = {isa = PBXBuildFile; fileRef = A76C053619980CED00C3663C /* Settings.bundle */; };
		A78940AF1998BE3D00A4D026 /* BTBSubjectTableViewCell.m in Sources */ = {isa = PBXBuildFile; fileRef = A78940AE1998BE3D00A4D026 /* BTBSubjectTableViewCell.m */; };
		A7E74BA41997F48200F5D3FB /* Foundation.framework in Frameworks */ = {isa = PBXBuildFile; fileRef = A7E74BA31997F48200F5D3FB /* Foundation.framework */; };
		A7E74BA61997F48200F5D3FB /* CoreGraphics.framework in Frameworks */ = {isa = PBXBuildFile; fileRef = A7E74BA51997F48200F5D3FB /* CoreGraphics.framework */; };
		A7E74BA81997F48200F5D3FB /* UIKit.framework in Frameworks */ = {isa = PBXBuildFile; fileRef = A7E74BA71997F48200F5D3FB /* UIKit.framework */; };
		A7E74BAE1997F48200F5D3FB /* InfoPlist.strings in Resources */ = {isa = PBXBuildFile; fileRef = A7E74BAC1997F48200F5D3FB /* InfoPlist.strings */; };
		A7E74BB01997F48200F5D3FB /* main.m in Sources */ = {isa = PBXBuildFile; fileRef = A7E74BAF1997F48200F5D3FB /* main.m */; };
		A7E74BB41997F48200F5D3FB /* BTBAppDelegate.m in Sources */ = {isa = PBXBuildFile; fileRef = A7E74BB31997F48200F5D3FB /* BTBAppDelegate.m */; };
		A7E74BBC1997F48200F5D3FB /* Images.xcassets in Resources */ = {isa = PBXBuildFile; fileRef = A7E74BBB1997F48200F5D3FB /* Images.xcassets */; };
		A7E74BC31997F48200F5D3FB /* XCTest.framework in Frameworks */ = {isa = PBXBuildFile; fileRef = A7E74BC21997F48200F5D3FB /* XCTest.framework */; };
		A7E74BC41997F48200F5D3FB /* Foundation.framework in Frameworks */ = {isa = PBXBuildFile; fileRef = A7E74BA31997F48200F5D3FB /* Foundation.framework */; };
		A7E74BC51997F48200F5D3FB /* UIKit.framework in Frameworks */ = {isa = PBXBuildFile; fileRef = A7E74BA71997F48200F5D3FB /* UIKit.framework */; };
		A7E74BCD1997F48200F5D3FB /* InfoPlist.strings in Resources */ = {isa = PBXBuildFile; fileRef = A7E74BCB1997F48200F5D3FB /* InfoPlist.strings */; };
		A7E74BCF1997F48200F5D3FB /* Fontys_RoosterappTests.m in Sources */ = {isa = PBXBuildFile; fileRef = A7E74BCE1997F48200F5D3FB /* Fontys_RoosterappTests.m */; };
		A7E74BDC1997F73700F5D3FB /* BTBCourseTableViewController.m in Sources */ = {isa = PBXBuildFile; fileRef = A7E74BDB1997F73700F5D3FB /* BTBCourseTableViewController.m */; };
/* End PBXBuildFile section */

/* Begin PBXContainerItemProxy section */
		A7E74BC61997F48200F5D3FB /* PBXContainerItemProxy */ = {
			isa = PBXContainerItemProxy;
			containerPortal = A7E74B981997F48200F5D3FB /* Project object */;
			proxyType = 1;
			remoteGlobalIDString = A7E74B9F1997F48200F5D3FB;
			remoteInfo = "Fontys Roosterapp";
		};
/* End PBXContainerItemProxy section */

/* Begin PBXFileReference section */
		4919B6F519992B1C00C50754 /* BTBLoginViewController.h */ = {isa = PBXFileReference; fileEncoding = 4; lastKnownFileType = sourcecode.c.h; path = BTBLoginViewController.h; sourceTree = "<group>"; };
		4919B6F619992B1C00C50754 /* BTBLoginViewController.m */ = {isa = PBXFileReference; fileEncoding = 4; lastKnownFileType = sourcecode.c.objc; path = BTBLoginViewController.m; sourceTree = "<group>"; };
		4960712019A0F66F00C2E73C /* Security.framework */ = {isa = PBXFileReference; lastKnownFileType = wrapper.framework; name = Security.framework; path = System/Library/Frameworks/Security.framework; sourceTree = SDKROOT; };
		4960712219A0F7FF00C2E73C /* KeychainItemWrapper.h */ = {isa = PBXFileReference; fileEncoding = 4; lastKnownFileType = sourcecode.c.h; path = KeychainItemWrapper.h; sourceTree = "<group>"; };
		4960712319A0F7FF00C2E73C /* KeychainItemWrapper.m */ = {isa = PBXFileReference; fileEncoding = 4; lastKnownFileType = sourcecode.c.objc; path = KeychainItemWrapper.m; sourceTree = "<group>"; };
		49675A2919A0C64A00FF71A0 /* BTBCourse.h */ = {isa = PBXFileReference; fileEncoding = 4; lastKnownFileType = sourcecode.c.h; path = BTBCourse.h; sourceTree = "<group>"; };
		49675A2A19A0C64A00FF71A0 /* BTBCourse.m */ = {isa = PBXFileReference; fileEncoding = 4; lastKnownFileType = sourcecode.c.objc; path = BTBCourse.m; sourceTree = "<group>"; };
		4976322219B4A7AE003CDDDB /* Base */ = {isa = PBXFileReference; lastKnownFileType = text.plist.strings; name = Base; path = Base.lproj/Localizable.strings; sourceTree = "<group>"; };
		4976322419B4A7B9003CDDDB /* nl */ = {isa = PBXFileReference; lastKnownFileType = text.plist.strings; name = nl; path = nl.lproj/Localizable.strings; sourceTree = "<group>"; };
		4981AD9719A12707007DD6C9 /* SystemConfiguration.framework */ = {isa = PBXFileReference; lastKnownFileType = wrapper.framework; name = SystemConfiguration.framework; path = System/Library/Frameworks/SystemConfiguration.framework; sourceTree = SDKROOT; };
		4981AD9919A12741007DD6C9 /* Reachability.h */ = {isa = PBXFileReference; fileEncoding = 4; lastKnownFileType = sourcecode.c.h; path = Reachability.h; sourceTree = "<group>"; };
		4981AD9A19A12741007DD6C9 /* Reachability.m */ = {isa = PBXFileReference; fileEncoding = 4; lastKnownFileType = sourcecode.c.objc; path = Reachability.m; sourceTree = "<group>"; };
		49989F4B19A11F8D00DEACF5 /* Base */ = {isa = PBXFileReference; lastKnownFileType = file.storyboard; name = Base; path = Base.lproj/Main.storyboard; sourceTree = "<group>"; };
		49989F4E19A11FD500DEACF5 /* nl */ = {isa = PBXFileReference; lastKnownFileType = text.plist.strings; name = nl; path = nl.lproj/Main.strings; sourceTree = "<group>"; };
		49989F4F19A11FD500DEACF5 /* nl */ = {isa = PBXFileReference; lastKnownFileType = text.plist.strings; name = nl; path = nl.lproj/InfoPlist.strings; sourceTree = "<group>"; };
		49989F5019A11FD500DEACF5 /* nl */ = {isa = PBXFileReference; lastKnownFileType = text.plist.strings; name = nl; path = nl.lproj/InfoPlist.strings; sourceTree = "<group>"; };
		A712523B1998ADC4002D7444 /* BTBUser.h */ = {isa = PBXFileReference; fileEncoding = 4; lastKnownFileType = sourcecode.c.h; path = BTBUser.h; sourceTree = "<group>"; };
		A712523C1998ADC4002D7444 /* BTBUser.m */ = {isa = PBXFileReference; fileEncoding = 4; lastKnownFileType = sourcecode.c.objc; path = BTBUser.m; sourceTree = "<group>"; };
		A76C053619980CED00C3663C /* Settings.bundle */ = {isa = PBXFileReference; lastKnownFileType = "wrapper.plug-in"; name = Settings.bundle; path = ../Settings.bundle; sourceTree = "<group>"; };
		A78940AD1998BE3D00A4D026 /* BTBSubjectTableViewCell.h */ = {isa = PBXFileReference; fileEncoding = 4; lastKnownFileType = sourcecode.c.h; path = BTBSubjectTableViewCell.h; sourceTree = "<group>"; };
		A78940AE1998BE3D00A4D026 /* BTBSubjectTableViewCell.m */ = {isa = PBXFileReference; fileEncoding = 4; lastKnownFileType = sourcecode.c.objc; path = BTBSubjectTableViewCell.m; sourceTree = "<group>"; };
		A7E74BA01997F48200F5D3FB /* Fontys Roosterapp.app */ = {isa = PBXFileReference; explicitFileType = wrapper.application; includeInIndex = 0; path = "Fontys Roosterapp.app"; sourceTree = BUILT_PRODUCTS_DIR; };
		A7E74BA31997F48200F5D3FB /* Foundation.framework */ = {isa = PBXFileReference; lastKnownFileType = wrapper.framework; name = Foundation.framework; path = System/Library/Frameworks/Foundation.framework; sourceTree = SDKROOT; };
		A7E74BA51997F48200F5D3FB /* CoreGraphics.framework */ = {isa = PBXFileReference; lastKnownFileType = wrapper.framework; name = CoreGraphics.framework; path = System/Library/Frameworks/CoreGraphics.framework; sourceTree = SDKROOT; };
		A7E74BA71997F48200F5D3FB /* UIKit.framework */ = {isa = PBXFileReference; lastKnownFileType = wrapper.framework; name = UIKit.framework; path = System/Library/Frameworks/UIKit.framework; sourceTree = SDKROOT; };
		A7E74BAB1997F48200F5D3FB /* Fontys Roosterapp-Info.plist */ = {isa = PBXFileReference; lastKnownFileType = text.plist.xml; path = "Fontys Roosterapp-Info.plist"; sourceTree = "<group>"; };
		A7E74BAD1997F48200F5D3FB /* en */ = {isa = PBXFileReference; lastKnownFileType = text.plist.strings; name = en; path = en.lproj/InfoPlist.strings; sourceTree = "<group>"; };
		A7E74BAF1997F48200F5D3FB /* main.m */ = {isa = PBXFileReference; lastKnownFileType = sourcecode.c.objc; path = main.m; sourceTree = "<group>"; };
		A7E74BB11997F48200F5D3FB /* Fontys Roosterapp-Prefix.pch */ = {isa = PBXFileReference; lastKnownFileType = sourcecode.c.h; path = "Fontys Roosterapp-Prefix.pch"; sourceTree = "<group>"; };
		A7E74BB21997F48200F5D3FB /* BTBAppDelegate.h */ = {isa = PBXFileReference; lastKnownFileType = sourcecode.c.h; path = BTBAppDelegate.h; sourceTree = "<group>"; };
		A7E74BB31997F48200F5D3FB /* BTBAppDelegate.m */ = {isa = PBXFileReference; lastKnownFileType = sourcecode.c.objc; path = BTBAppDelegate.m; sourceTree = "<group>"; };
		A7E74BBB1997F48200F5D3FB /* Images.xcassets */ = {isa = PBXFileReference; lastKnownFileType = folder.assetcatalog; path = Images.xcassets; sourceTree = "<group>"; };
		A7E74BC11997F48200F5D3FB /* Fontys RoosterappTests.xctest */ = {isa = PBXFileReference; explicitFileType = wrapper.cfbundle; includeInIndex = 0; path = "Fontys RoosterappTests.xctest"; sourceTree = BUILT_PRODUCTS_DIR; };
		A7E74BC21997F48200F5D3FB /* XCTest.framework */ = {isa = PBXFileReference; lastKnownFileType = wrapper.framework; name = XCTest.framework; path = Library/Frameworks/XCTest.framework; sourceTree = DEVELOPER_DIR; };
		A7E74BCA1997F48200F5D3FB /* Fontys RoosterappTests-Info.plist */ = {isa = PBXFileReference; lastKnownFileType = text.plist.xml; path = "Fontys RoosterappTests-Info.plist"; sourceTree = "<group>"; };
		A7E74BCC1997F48200F5D3FB /* en */ = {isa = PBXFileReference; lastKnownFileType = text.plist.strings; name = en; path = en.lproj/InfoPlist.strings; sourceTree = "<group>"; };
		A7E74BCE1997F48200F5D3FB /* Fontys_RoosterappTests.m */ = {isa = PBXFileReference; lastKnownFileType = sourcecode.c.objc; path = Fontys_RoosterappTests.m; sourceTree = "<group>"; };
		A7E74BDA1997F73700F5D3FB /* BTBCourseTableViewController.h */ = {isa = PBXFileReference; fileEncoding = 4; lastKnownFileType = sourcecode.c.h; path = BTBCourseTableViewController.h; sourceTree = "<group>"; };
		A7E74BDB1997F73700F5D3FB /* BTBCourseTableViewController.m */ = {isa = PBXFileReference; fileEncoding = 4; lastKnownFileType = sourcecode.c.objc; path = BTBCourseTableViewController.m; sourceTree = "<group>"; };
/* End PBXFileReference section */

/* Begin PBXFrameworksBuildPhase section */
		A7E74B9D1997F48200F5D3FB /* Frameworks */ = {
			isa = PBXFrameworksBuildPhase;
			buildActionMask = 2147483647;
			files = (
				4981AD9819A12707007DD6C9 /* SystemConfiguration.framework in Frameworks */,
				4960712119A0F66F00C2E73C /* Security.framework in Frameworks */,
				A7E74BA61997F48200F5D3FB /* CoreGraphics.framework in Frameworks */,
				A7E74BA81997F48200F5D3FB /* UIKit.framework in Frameworks */,
				A7E74BA41997F48200F5D3FB /* Foundation.framework in Frameworks */,
			);
			runOnlyForDeploymentPostprocessing = 0;
		};
		A7E74BBE1997F48200F5D3FB /* Frameworks */ = {
			isa = PBXFrameworksBuildPhase;
			buildActionMask = 2147483647;
			files = (
				A7E74BC31997F48200F5D3FB /* XCTest.framework in Frameworks */,
				A7E74BC51997F48200F5D3FB /* UIKit.framework in Frameworks */,
				A7E74BC41997F48200F5D3FB /* Foundation.framework in Frameworks */,
			);
			runOnlyForDeploymentPostprocessing = 0;
		};
/* End PBXFrameworksBuildPhase section */

/* Begin PBXGroup section */
		490BB9131999D9A400AF9A56 /* Control */ = {
			isa = PBXGroup;
			children = (
				4981AD9C19A1274E007DD6C9 /* Apple Classes */,
				4919B6F519992B1C00C50754 /* BTBLoginViewController.h */,
				4919B6F619992B1C00C50754 /* BTBLoginViewController.m */,
				A78940AD1998BE3D00A4D026 /* BTBSubjectTableViewCell.h */,
				A78940AE1998BE3D00A4D026 /* BTBSubjectTableViewCell.m */,
				A7E74BDA1997F73700F5D3FB /* BTBCourseTableViewController.h */,
				A7E74BDB1997F73700F5D3FB /* BTBCourseTableViewController.m */,
			);
			name = Control;
			sourceTree = "<group>";
		};
		490BB9141999D9B000AF9A56 /* View */ = {
			isa = PBXGroup;
			children = (
				491D885C19A016F0003D08A8 /* Main.storyboard */,
			);
			name = View;
			sourceTree = "<group>";
		};
		4981AD9C19A1274E007DD6C9 /* Apple Classes */ = {
			isa = PBXGroup;
			children = (
				4981AD9919A12741007DD6C9 /* Reachability.h */,
				4981AD9A19A12741007DD6C9 /* Reachability.m */,
				4960712219A0F7FF00C2E73C /* KeychainItemWrapper.h */,
				4960712319A0F7FF00C2E73C /* KeychainItemWrapper.m */,
			);
			name = "Apple Classes";
			sourceTree = "<group>";
		};
		A712523E1998ADD5002D7444 /* Model */ = {
			isa = PBXGroup;
			children = (
				49675A2919A0C64A00FF71A0 /* BTBCourse.h */,
				49675A2A19A0C64A00FF71A0 /* BTBCourse.m */,
				A712523B1998ADC4002D7444 /* BTBUser.h */,
				A712523C1998ADC4002D7444 /* BTBUser.m */,
			);
			name = Model;
			sourceTree = "<group>";
		};
		A7E74B971997F48200F5D3FB = {
			isa = PBXGroup;
			children = (
				A7E74BA91997F48200F5D3FB /* Fontys Roosterapp */,
				A7E74BC81997F48200F5D3FB /* Fontys RoosterappTests */,
				A7E74BA21997F48200F5D3FB /* Frameworks */,
				A7E74BA11997F48200F5D3FB /* Products */,
			);
			sourceTree = "<group>";
		};
		A7E74BA11997F48200F5D3FB /* Products */ = {
			isa = PBXGroup;
			children = (
				A7E74BA01997F48200F5D3FB /* Fontys Roosterapp.app */,
				A7E74BC11997F48200F5D3FB /* Fontys RoosterappTests.xctest */,
			);
			name = Products;
			sourceTree = "<group>";
		};
		A7E74BA21997F48200F5D3FB /* Frameworks */ = {
			isa = PBXGroup;
			children = (
				4981AD9719A12707007DD6C9 /* SystemConfiguration.framework */,
				4960712019A0F66F00C2E73C /* Security.framework */,
				A7E74BA31997F48200F5D3FB /* Foundation.framework */,
				A7E74BA51997F48200F5D3FB /* CoreGraphics.framework */,
				A7E74BA71997F48200F5D3FB /* UIKit.framework */,
				A7E74BC21997F48200F5D3FB /* XCTest.framework */,
			);
			name = Frameworks;
			sourceTree = "<group>";
		};
		A7E74BA91997F48200F5D3FB /* Fontys Roosterapp */ = {
			isa = PBXGroup;
			children = (
				A7E74BB21997F48200F5D3FB /* BTBAppDelegate.h */,
				A7E74BB31997F48200F5D3FB /* BTBAppDelegate.m */,
				A712523E1998ADD5002D7444 /* Model */,
				490BB9141999D9B000AF9A56 /* View */,
				490BB9131999D9A400AF9A56 /* Control */,
				A76C053619980CED00C3663C /* Settings.bundle */,
				A7E74BBB1997F48200F5D3FB /* Images.xcassets */,
				A7E74BAA1997F48200F5D3FB /* Supporting Files */,
				4976322319B4A7AE003CDDDB /* Localizable.strings */,
			);
			path = "Fontys Roosterapp";
			sourceTree = "<group>";
		};
		A7E74BAA1997F48200F5D3FB /* Supporting Files */ = {
			isa = PBXGroup;
			children = (
				A7E74BAB1997F48200F5D3FB /* Fontys Roosterapp-Info.plist */,
				A7E74BAC1997F48200F5D3FB /* InfoPlist.strings */,
				A7E74BAF1997F48200F5D3FB /* main.m */,
				A7E74BB11997F48200F5D3FB /* Fontys Roosterapp-Prefix.pch */,
			);
			name = "Supporting Files";
			sourceTree = "<group>";
		};
		A7E74BC81997F48200F5D3FB /* Fontys RoosterappTests */ = {
			isa = PBXGroup;
			children = (
				A7E74BCE1997F48200F5D3FB /* Fontys_RoosterappTests.m */,
				A7E74BC91997F48200F5D3FB /* Supporting Files */,
			);
			path = "Fontys RoosterappTests";
			sourceTree = "<group>";
		};
		A7E74BC91997F48200F5D3FB /* Supporting Files */ = {
			isa = PBXGroup;
			children = (
				A7E74BCA1997F48200F5D3FB /* Fontys RoosterappTests-Info.plist */,
				A7E74BCB1997F48200F5D3FB /* InfoPlist.strings */,
			);
			name = "Supporting Files";
			sourceTree = "<group>";
		};
/* End PBXGroup section */

/* Begin PBXNativeTarget section */
		A7E74B9F1997F48200F5D3FB /* Fontys Roosterapp */ = {
			isa = PBXNativeTarget;
			buildConfigurationList = A7E74BD21997F48200F5D3FB /* Build configuration list for PBXNativeTarget "Fontys Roosterapp" */;
			buildPhases = (
				A7E74B9C1997F48200F5D3FB /* Sources */,
				A7E74B9D1997F48200F5D3FB /* Frameworks */,
				A7E74B9E1997F48200F5D3FB /* Resources */,
			);
			buildRules = (
			);
			dependencies = (
			);
			name = "Fontys Roosterapp";
			productName = "Fontys Roosterapp";
			productReference = A7E74BA01997F48200F5D3FB /* Fontys Roosterapp.app */;
			productType = "com.apple.product-type.application";
		};
		A7E74BC01997F48200F5D3FB /* Fontys RoosterappTests */ = {
			isa = PBXNativeTarget;
			buildConfigurationList = A7E74BD51997F48200F5D3FB /* Build configuration list for PBXNativeTarget "Fontys RoosterappTests" */;
			buildPhases = (
				A7E74BBD1997F48200F5D3FB /* Sources */,
				A7E74BBE1997F48200F5D3FB /* Frameworks */,
				A7E74BBF1997F48200F5D3FB /* Resources */,
			);
			buildRules = (
			);
			dependencies = (
				A7E74BC71997F48200F5D3FB /* PBXTargetDependency */,
			);
			name = "Fontys RoosterappTests";
			productName = "Fontys RoosterappTests";
			productReference = A7E74BC11997F48200F5D3FB /* Fontys RoosterappTests.xctest */;
			productType = "com.apple.product-type.bundle.unit-test";
		};
/* End PBXNativeTarget section */

/* Begin PBXProject section */
		A7E74B981997F48200F5D3FB /* Project object */ = {
			isa = PBXProject;
			attributes = {
				CLASSPREFIX = BTB;
				LastUpgradeCheck = 0510;
				ORGANIZATIONNAME = "Bas Broek";
				TargetAttributes = {
					A7E74BC01997F48200F5D3FB = {
						TestTargetID = A7E74B9F1997F48200F5D3FB;
					};
				};
			};
			buildConfigurationList = A7E74B9B1997F48200F5D3FB /* Build configuration list for PBXProject "Fontys Roosterapp" */;
			compatibilityVersion = "Xcode 3.2";
			developmentRegion = English;
			hasScannedForEncodings = 0;
			knownRegions = (
				en,
				Base,
				nl,
			);
			mainGroup = A7E74B971997F48200F5D3FB;
			productRefGroup = A7E74BA11997F48200F5D3FB /* Products */;
			projectDirPath = "";
			projectRoot = "";
			targets = (
				A7E74B9F1997F48200F5D3FB /* Fontys Roosterapp */,
				A7E74BC01997F48200F5D3FB /* Fontys RoosterappTests */,
			);
		};
/* End PBXProject section */

/* Begin PBXResourcesBuildPhase section */
		A7E74B9E1997F48200F5D3FB /* Resources */ = {
			isa = PBXResourcesBuildPhase;
			buildActionMask = 2147483647;
			files = (
				4976322119B4A7AE003CDDDB /* Localizable.strings in Resources */,
				A76C053719980CED00C3663C /* Settings.bundle in Resources */,
				A7E74BBC1997F48200F5D3FB /* Images.xcassets in Resources */,
				A7E74BAE1997F48200F5D3FB /* InfoPlist.strings in Resources */,
				491D885A19A016F0003D08A8 /* Main.storyboard in Resources */,
			);
			runOnlyForDeploymentPostprocessing = 0;
		};
		A7E74BBF1997F48200F5D3FB /* Resources */ = {
			isa = PBXResourcesBuildPhase;
			buildActionMask = 2147483647;
			files = (
				A7E74BCD1997F48200F5D3FB /* InfoPlist.strings in Resources */,
			);
			runOnlyForDeploymentPostprocessing = 0;
		};
/* End PBXResourcesBuildPhase section */

/* Begin PBXSourcesBuildPhase section */
		A7E74B9C1997F48200F5D3FB /* Sources */ = {
			isa = PBXSourcesBuildPhase;
			buildActionMask = 2147483647;
			files = (
				A7E74BDC1997F73700F5D3FB /* BTBCourseTableViewController.m in Sources */,
				A7E74BB01997F48200F5D3FB /* main.m in Sources */,
				4919B6F719992B1C00C50754 /* BTBLoginViewController.m in Sources */,
				A7E74BB41997F48200F5D3FB /* BTBAppDelegate.m in Sources */,
				4960712419A0F7FF00C2E73C /* KeychainItemWrapper.m in Sources */,
				49675A2B19A0C64A00FF71A0 /* BTBCourse.m in Sources */,
				A712523D1998ADC4002D7444 /* BTBUser.m in Sources */,
				4981AD9B19A12741007DD6C9 /* Reachability.m in Sources */,
				A78940AF1998BE3D00A4D026 /* BTBSubjectTableViewCell.m in Sources */,
			);
			runOnlyForDeploymentPostprocessing = 0;
		};
		A7E74BBD1997F48200F5D3FB /* Sources */ = {
			isa = PBXSourcesBuildPhase;
			buildActionMask = 2147483647;
			files = (
				A7E74BCF1997F48200F5D3FB /* Fontys_RoosterappTests.m in Sources */,
			);
			runOnlyForDeploymentPostprocessing = 0;
		};
/* End PBXSourcesBuildPhase section */

/* Begin PBXTargetDependency section */
		A7E74BC71997F48200F5D3FB /* PBXTargetDependency */ = {
			isa = PBXTargetDependency;
			target = A7E74B9F1997F48200F5D3FB /* Fontys Roosterapp */;
			targetProxy = A7E74BC61997F48200F5D3FB /* PBXContainerItemProxy */;
		};
/* End PBXTargetDependency section */

/* Begin PBXVariantGroup section */
		491D885C19A016F0003D08A8 /* Main.storyboard */ = {
			isa = PBXVariantGroup;
			children = (
				49989F4B19A11F8D00DEACF5 /* Base */,
				49989F4E19A11FD500DEACF5 /* nl */,
			);
			name = Main.storyboard;
			sourceTree = "<group>";
		};
		4976322319B4A7AE003CDDDB /* Localizable.strings */ = {
			isa = PBXVariantGroup;
			children = (
				4976322219B4A7AE003CDDDB /* Base */,
				4976322419B4A7B9003CDDDB /* nl */,
			);
			name = Localizable.strings;
			sourceTree = "<group>";
		};
		A7E74BAC1997F48200F5D3FB /* InfoPlist.strings */ = {
			isa = PBXVariantGroup;
			children = (
				A7E74BAD1997F48200F5D3FB /* en */,
				49989F4F19A11FD500DEACF5 /* nl */,
			);
			name = InfoPlist.strings;
			sourceTree = "<group>";
		};
		A7E74BCB1997F48200F5D3FB /* InfoPlist.strings */ = {
			isa = PBXVariantGroup;
			children = (
				A7E74BCC1997F48200F5D3FB /* en */,
				49989F5019A11FD500DEACF5 /* nl */,
			);
			name = InfoPlist.strings;
			sourceTree = "<group>";
		};
/* End PBXVariantGroup section */

/* Begin XCBuildConfiguration section */
		A7E74BD01997F48200F5D3FB /* Debug */ = {
			isa = XCBuildConfiguration;
			buildSettings = {
				ALWAYS_SEARCH_USER_PATHS = NO;
				CLANG_CXX_LANGUAGE_STANDARD = "gnu++0x";
				CLANG_CXX_LIBRARY = "libc++";
				CLANG_ENABLE_MODULES = YES;
				CLANG_ENABLE_OBJC_ARC = YES;
				CLANG_WARN_BOOL_CONVERSION = YES;
				CLANG_WARN_CONSTANT_CONVERSION = YES;
				CLANG_WARN_DIRECT_OBJC_ISA_USAGE = YES_ERROR;
				CLANG_WARN_EMPTY_BODY = YES;
				CLANG_WARN_ENUM_CONVERSION = YES;
				CLANG_WARN_INT_CONVERSION = YES;
				CLANG_WARN_OBJC_ROOT_CLASS = YES_ERROR;
				CLANG_WARN__DUPLICATE_METHOD_MATCH = YES;
				"CODE_SIGN_IDENTITY[sdk=iphoneos*]" = "iPhone Developer";
				COPY_PHASE_STRIP = NO;
				GCC_C_LANGUAGE_STANDARD = gnu99;
				GCC_DYNAMIC_NO_PIC = NO;
				GCC_OPTIMIZATION_LEVEL = 0;
				GCC_PREPROCESSOR_DEFINITIONS = (
					"DEBUG=1",
					"$(inherited)",
				);
				GCC_SYMBOLS_PRIVATE_EXTERN = NO;
				GCC_WARN_64_TO_32_BIT_CONVERSION = YES;
				GCC_WARN_ABOUT_RETURN_TYPE = YES_ERROR;
				GCC_WARN_UNDECLARED_SELECTOR = YES;
				GCC_WARN_UNINITIALIZED_AUTOS = YES_AGGRESSIVE;
				GCC_WARN_UNUSED_FUNCTION = YES;
				GCC_WARN_UNUSED_VARIABLE = YES;
				IPHONEOS_DEPLOYMENT_TARGET = 7.1;
				ONLY_ACTIVE_ARCH = YES;
				SDKROOT = iphoneos;
			};
			name = Debug;
		};
		A7E74BD11997F48200F5D3FB /* Release */ = {
			isa = XCBuildConfiguration;
			buildSettings = {
				ALWAYS_SEARCH_USER_PATHS = NO;
				CLANG_CXX_LANGUAGE_STANDARD = "gnu++0x";
				CLANG_CXX_LIBRARY = "libc++";
				CLANG_ENABLE_MODULES = YES;
				CLANG_ENABLE_OBJC_ARC = YES;
				CLANG_WARN_BOOL_CONVERSION = YES;
				CLANG_WARN_CONSTANT_CONVERSION = YES;
				CLANG_WARN_DIRECT_OBJC_ISA_USAGE = YES_ERROR;
				CLANG_WARN_EMPTY_BODY = YES;
				CLANG_WARN_ENUM_CONVERSION = YES;
				CLANG_WARN_INT_CONVERSION = YES;
				CLANG_WARN_OBJC_ROOT_CLASS = YES_ERROR;
				CLANG_WARN__DUPLICATE_METHOD_MATCH = YES;
				"CODE_SIGN_IDENTITY[sdk=iphoneos*]" = "iPhone Developer";
				COPY_PHASE_STRIP = YES;
				ENABLE_NS_ASSERTIONS = NO;
				GCC_C_LANGUAGE_STANDARD = gnu99;
				GCC_WARN_64_TO_32_BIT_CONVERSION = YES;
				GCC_WARN_ABOUT_RETURN_TYPE = YES_ERROR;
				GCC_WARN_UNDECLARED_SELECTOR = YES;
				GCC_WARN_UNINITIALIZED_AUTOS = YES_AGGRESSIVE;
				GCC_WARN_UNUSED_FUNCTION = YES;
				GCC_WARN_UNUSED_VARIABLE = YES;
				IPHONEOS_DEPLOYMENT_TARGET = 7.1;
				SDKROOT = iphoneos;
				VALIDATE_PRODUCT = YES;
			};
			name = Release;
		};
		A7E74BD31997F48200F5D3FB /* Debug */ = {
			isa = XCBuildConfiguration;
			buildSettings = {
				ASSETCATALOG_COMPILER_APPICON_NAME = AppIcon;
				ASSETCATALOG_COMPILER_LAUNCHIMAGE_NAME = LaunchImage;
				GCC_PRECOMPILE_PREFIX_HEADER = YES;
				GCC_PREFIX_HEADER = "Fontys Roosterapp/Fontys Roosterapp-Prefix.pch";
				INFOPLIST_FILE = "Fontys Roosterapp/Fontys Roosterapp-Info.plist";
				PRODUCT_NAME = "$(TARGET_NAME)";
				WRAPPER_EXTENSION = app;
			};
			name = Debug;
		};
		A7E74BD41997F48200F5D3FB /* Release */ = {
			isa = XCBuildConfiguration;
			buildSettings = {
				ASSETCATALOG_COMPILER_APPICON_NAME = AppIcon;
				ASSETCATALOG_COMPILER_LAUNCHIMAGE_NAME = LaunchImage;
				GCC_PRECOMPILE_PREFIX_HEADER = YES;
				GCC_PREFIX_HEADER = "Fontys Roosterapp/Fontys Roosterapp-Prefix.pch";
				INFOPLIST_FILE = "Fontys Roosterapp/Fontys Roosterapp-Info.plist";
				PRODUCT_NAME = "$(TARGET_NAME)";
				WRAPPER_EXTENSION = app;
			};
			name = Release;
		};
		A7E74BD61997F48200F5D3FB /* Debug */ = {
			isa = XCBuildConfiguration;
			buildSettings = {
				BUNDLE_LOADER = "$(BUILT_PRODUCTS_DIR)/Fontys Roosterapp.app/Fontys Roosterapp";
				FRAMEWORK_SEARCH_PATHS = (
					"$(SDKROOT)/Developer/Library/Frameworks",
					"$(inherited)",
					"$(DEVELOPER_FRAMEWORKS_DIR)",
				);
				GCC_PRECOMPILE_PREFIX_HEADER = YES;
				GCC_PREFIX_HEADER = "Fontys Roosterapp/Fontys Roosterapp-Prefix.pch";
				GCC_PREPROCESSOR_DEFINITIONS = (
					"DEBUG=1",
					"$(inherited)",
				);
				INFOPLIST_FILE = "Fontys RoosterappTests/Fontys RoosterappTests-Info.plist";
				PRODUCT_NAME = "$(TARGET_NAME)";
				TEST_HOST = "$(BUNDLE_LOADER)";
				WRAPPER_EXTENSION = xctest;
			};
			name = Debug;
		};
		A7E74BD71997F48200F5D3FB /* Release */ = {
			isa = XCBuildConfiguration;
			buildSettings = {
				BUNDLE_LOADER = "$(BUILT_PRODUCTS_DIR)/Fontys Roosterapp.app/Fontys Roosterapp";
				FRAMEWORK_SEARCH_PATHS = (
					"$(SDKROOT)/Developer/Library/Frameworks",
					"$(inherited)",
					"$(DEVELOPER_FRAMEWORKS_DIR)",
				);
				GCC_PRECOMPILE_PREFIX_HEADER = YES;
				GCC_PREFIX_HEADER = "Fontys Roosterapp/Fontys Roosterapp-Prefix.pch";
				INFOPLIST_FILE = "Fontys RoosterappTests/Fontys RoosterappTests-Info.plist";
				PRODUCT_NAME = "$(TARGET_NAME)";
				TEST_HOST = "$(BUNDLE_LOADER)";
				WRAPPER_EXTENSION = xctest;
			};
			name = Release;
		};
/* End XCBuildConfiguration section */

/* Begin XCConfigurationList section */
		A7E74B9B1997F48200F5D3FB /* Build configuration list for PBXProject "Fontys Roosterapp" */ = {
			isa = XCConfigurationList;
			buildConfigurations = (
				A7E74BD01997F48200F5D3FB /* Debug */,
				A7E74BD11997F48200F5D3FB /* Release */,
			);
			defaultConfigurationIsVisible = 0;
			defaultConfigurationName = Release;
		};
		A7E74BD21997F48200F5D3FB /* Build configuration list for PBXNativeTarget "Fontys Roosterapp" */ = {
			isa = XCConfigurationList;
			buildConfigurations = (
				A7E74BD31997F48200F5D3FB /* Debug */,
				A7E74BD41997F48200F5D3FB /* Release */,
			);
			defaultConfigurationIsVisible = 0;
			defaultConfigurationName = Release;
		};
		A7E74BD51997F48200F5D3FB /* Build configuration list for PBXNativeTarget "Fontys RoosterappTests" */ = {
			isa = XCConfigurationList;
			buildConfigurations = (
				A7E74BD61997F48200F5D3FB /* Debug */,
				A7E74BD71997F48200F5D3FB /* Release */,
			);
			defaultConfigurationIsVisible = 0;
			defaultConfigurationName = Release;
		};
/* End XCConfigurationList section */
	};
	rootObject = A7E74B981997F48200F5D3FB /* Project object */;
}
